
Microsoft Visual Studio Solution File, Format Version 12.00
# Visual Studio Version 17
VisualStudioVersion = 17.2.32630.192
MinimumVisualStudioVersion = 10.0.40219.1
Project("{FAE04EC0-301F-11D3-BF4B-00C04F79EFBC}") = "First_Choice_Pharmacy", "Assignment2\First_Choice_Pharmacy.csproj", "{D8892247-3A05-4F1D-B63A-78E425055CC5}"
EndProject
Project("{FAE04EC0-301F-11D3-BF4B-00C04F79EFBC}") = "First_Choice_Pharmacy.Tests", "Assignment2.Tests\First_Choice_Pharmacy.Tests.csproj", "{C2EC1EF0-A5CB-4863-8E01-F70908188BA8}"
EndProject
Global
	GlobalSection(SolutionConfigurationPlatforms) = preSolution
		Debug|Any CPU = Debug|Any CPU
		Release|Any CPU = Release|Any CPU
	EndGlobalSection
	GlobalSection(ProjectConfigurationPlatforms) = postSolution
		{D8892247-3A05-4F1D-B63A-78E425055CC5}.Debug|Any CPU.ActiveCfg = Debug|Any CPU
		{D8892247-3A05-4F1D-B63A-78E425055CC5}.Debug|Any CPU.Build.0 = Debug|Any CPU
		{D8892247-3A05-4F1D-B63A-78E425055CC5}.Release|Any CPU.ActiveCfg = Release|Any CPU
		{D8892247-3A05-4F1D-B63A-78E425055CC5}.Release|Any CPU.Build.0 = Release|Any CPU
		{C2EC1EF0-A5CB-4863-8E01-F70908188BA8}.Debug|Any CPU.ActiveCfg = Debug|Any CPU
		{C2EC1EF0-A5CB-4863-8E01-F70908188BA8}.Debug|Any CPU.Build.0 = Debug|Any CPU
		{C2EC1EF0-A5CB-4863-8E01-F70908188BA8}.Release|Any CPU.ActiveCfg = Release|Any CPU
		{C2EC1EF0-A5CB-4863-8E01-F70908188BA8}.Release|Any CPU.Build.0 = Release|Any CPU
	EndGlobalSection
	GlobalSection(SolutionProperties) = preSolution
		HideSolutionNode = FALSE
	EndGlobalSection
	GlobalSection(ExtensibilityGlobals) = postSolution
		SolutionGuid = {AFE0239E-2F8E-402F-928B-CD536CDEB9E4}
	EndGlobalSection
EndGlobal
